
Microsoft Visual Studio Solution File, Format Version 12.00
# Visual Studio Version 17
VisualStudioVersion = 17.11.35327.3
MinimumVisualStudioVersion = 10.0.40219.1
Project("{FAE04EC0-301F-11D3-BF4B-00C04F79EFBC}") = "Devlink", "Devlink.csproj", "{AD37D65B-6E96-4699-A5D9-77DD7D98A664}"
EndProject
Global
	GlobalSection(SolutionConfigurationPlatforms) = preSolution
		Debug|Any CPU = Debug|Any CPU
		Release|Any CPU = Release|Any CPU
	EndGlobalSection
	GlobalSection(ProjectConfigurationPlatforms) = postSolution
		{AD37D65B-6E96-4699-A5D9-77DD7D98A664}.Debug|Any CPU.ActiveCfg = Debug|Any CPU
		{AD37D65B-6E96-4699-A5D9-77DD7D98A664}.Debug|Any CPU.Build.0 = Debug|Any CPU
		{AD37D65B-6E96-4699-A5D9-77DD7D98A664}.Release|Any CPU.ActiveCfg = Release|Any CPU
		{AD37D65B-6E96-4699-A5D9-77DD7D98A664}.Release|Any CPU.Build.0 = Release|Any CPU
	EndGlobalSection
	GlobalSection(SolutionProperties) = preSolution
		HideSolutionNode = FALSE
	EndGlobalSection
	GlobalSection(ExtensibilityGlobals) = postSolution
		SolutionGuid = {4D61A28F-389F-4474-8BEC-A99593FC34EF}
	EndGlobalSection
EndGlobal
